Microsoft Visual Studio Solution File, Format Version 12.00
# Visual Studio 15
VisualStudioVersion = 15.0.28010.2016
MinimumVisualStudioVersion = 10.0.40219.1
Project("{9A19103F-16F7-4668-BE54-9A1E7A4F7556}") = "DataStructuresTests", "Tests\DataStructuresTests\DataStructuresTests.csproj", "{D943BD16-37C3-4175-9E20-6BA265585F57}"
EndProject
Project("{9A19103F-16F7-4668-BE54-9A1E7A4F7556}") = "DataStructuresApp", "ConsoleApps\DataStructuresApp\DataStructuresApp.csproj", "{481185DF-DED7-4AD5-804F-7AC5DC38E919}"
EndProject
Project("{2150E333-8FDC-42A3-9474-1A3956D46DE8}") = "Solution Items", "Solution Items", "{56FADC08-0DA3-4D7C-B9D4-AC5672D1BC07}"
	ProjectSection(SolutionItems) = preProject
		.travis.yml = .travis.yml
		azure-pipelines.yml = azure-pipelines.yml
		LICENSE.txt = LICENSE.txt
		README.md = README.md
	EndProjectSection
EndProject
Project("{9A19103F-16F7-4668-BE54-9A1E7A4F7556}") = "DataStructures", "Libraries\DataStructures\DataStructures.csproj", "{EFEED0A4-845C-4182-ADBE-0100C468971F}"
EndProject
Project("{FAE04EC0-301F-11D3-BF4B-00C04F79EFBC}") = "HackerRank", "HackerRank\HackerRank.csproj", "{709668B6-0D5D-43AE-92EE-578B16439028}"
EndProject
Project("{FAE04EC0-301F-11D3-BF4B-00C04F79EFBC}") = "HackerRankTests", "HackerRankTests\HackerRankTests.csproj", "{D507E872-6899-4BB9-A32C-2DFF3182D280}"
EndProject
Project("{9A19103F-16F7-4668-BE54-9A1E7A4F7556}") = "Helpers", "Helpers\Helpers.csproj", "{6BBC4801-1678-469B-9846-C0DA175B87B6}"
EndProject
Global
	GlobalSection(SolutionConfigurationPlatforms) = preSolution
		Debug|Any CPU = Debug|Any CPU
		Release|Any CPU = Release|Any CPU
	EndGlobalSection
	GlobalSection(ProjectConfigurationPlatforms) = postSolution
		{D943BD16-37C3-4175-9E20-6BA265585F57}.Debug|Any CPU.ActiveCfg = Debug|Any CPU
		{D943BD16-37C3-4175-9E20-6BA265585F57}.Debug|Any CPU.Build.0 = Debug|Any CPU
		{D943BD16-37C3-4175-9E20-6BA265585F57}.Release|Any CPU.ActiveCfg = Release|Any CPU
		{D943BD16-37C3-4175-9E20-6BA265585F57}.Release|Any CPU.Build.0 = Release|Any CPU
		{481185DF-DED7-4AD5-804F-7AC5DC38E919}.Debug|Any CPU.ActiveCfg = Debug|Any CPU
		{481185DF-DED7-4AD5-804F-7AC5DC38E919}.Debug|Any CPU.Build.0 = Debug|Any CPU
		{481185DF-DED7-4AD5-804F-7AC5DC38E919}.Release|Any CPU.ActiveCfg = Release|Any CPU
		{481185DF-DED7-4AD5-804F-7AC5DC38E919}.Release|Any CPU.Build.0 = Release|Any CPU
		{EFEED0A4-845C-4182-ADBE-0100C468971F}.Debug|Any CPU.ActiveCfg = Debug|Any CPU
		{EFEED0A4-845C-4182-ADBE-0100C468971F}.Debug|Any CPU.Build.0 = Debug|Any CPU
		{EFEED0A4-845C-4182-ADBE-0100C468971F}.Release|Any CPU.ActiveCfg = Release|Any CPU
		{EFEED0A4-845C-4182-ADBE-0100C468971F}.Release|Any CPU.Build.0 = Release|Any CPU
		{709668B6-0D5D-43AE-92EE-578B16439028}.Debug|Any CPU.ActiveCfg = Debug|Any CPU
		{709668B6-0D5D-43AE-92EE-578B16439028}.Debug|Any CPU.Build.0 = Debug|Any CPU
		{709668B6-0D5D-43AE-92EE-578B16439028}.Release|Any CPU.ActiveCfg = Release|Any CPU
		{709668B6-0D5D-43AE-92EE-578B16439028}.Release|Any CPU.Build.0 = Release|Any CPU
		{D507E872-6899-4BB9-A32C-2DFF3182D280}.Debug|Any CPU.ActiveCfg = Debug|Any CPU
		{D507E872-6899-4BB9-A32C-2DFF3182D280}.Debug|Any CPU.Build.0 = Debug|Any CPU
		{D507E872-6899-4BB9-A32C-2DFF3182D280}.Release|Any CPU.ActiveCfg = Release|Any CPU
		{D507E872-6899-4BB9-A32C-2DFF3182D280}.Release|Any CPU.Build.0 = Release|Any CPU
		{6BBC4801-1678-469B-9846-C0DA175B87B6}.Debug|Any CPU.ActiveCfg = Debug|Any CPU
		{6BBC4801-1678-469B-9846-C0DA175B87B6}.Debug|Any CPU.Build.0 = Debug|Any CPU
		{6BBC4801-1678-469B-9846-C0DA175B87B6}.Release|Any CPU.ActiveCfg = Release|Any CPU
		{6BBC4801-1678-469B-9846-C0DA175B87B6}.Release|Any CPU.Build.0 = Release|Any CPU
	EndGlobalSection
	GlobalSection(SolutionProperties) = preSolution
		HideSolutionNode = FALSE
	EndGlobalSection
	GlobalSection(ExtensibilityGlobals) = postSolution
		SolutionGuid = {AB00400C-0C04-4E5F-835B-06C657ACC167}
	EndGlobalSection
EndGlobal
