
Microsoft Visual Studio Solution File, Format Version 12.00
# Visual Studio 15
VisualStudioVersion = 15.0.28010.2016
MinimumVisualStudioVersion = 10.0.40219.1
Project("{FAE04EC0-301F-11D3-BF4B-00C04F79EFBC}") = "Craking The Coding Interview", "Craking The Coding Interview\Craking The Coding Interview.csproj", "{72A4310C-A4BF-4A7B-AFAB-9D3FFF1F247B}"
EndProject
Global
	GlobalSection(SolutionConfigurationPlatforms) = preSolution
		Debug|Any CPU = Debug|Any CPU
		Release|Any CPU = Release|Any CPU
	EndGlobalSection
	GlobalSection(ProjectConfigurationPlatforms) = postSolution
		{72A4310C-A4BF-4A7B-AFAB-9D3FFF1F247B}.Debug|Any CPU.ActiveCfg = Debug|Any CPU
		{72A4310C-A4BF-4A7B-AFAB-9D3FFF1F247B}.Debug|Any CPU.Build.0 = Debug|Any CPU
		{72A4310C-A4BF-4A7B-AFAB-9D3FFF1F247B}.Release|Any CPU.ActiveCfg = Release|Any CPU
		{72A4310C-A4BF-4A7B-AFAB-9D3FFF1F247B}.Release|Any CPU.Build.0 = Release|Any CPU
	EndGlobalSection
	GlobalSection(SolutionProperties) = preSolution
		HideSolutionNode = FALSE
	EndGlobalSection
	GlobalSection(ExtensibilityGlobals) = postSolution
		SolutionGuid = {AB00400C-0C04-4E5F-835B-06C657ACC167}
	EndGlobalSection
EndGlobal
